
Microsoft Visual Studio Solution File, Format Version 12.00
# Visual Studio 15
VisualStudioVersion = 15.0.27703.2042
MinimumVisualStudioVersion = 10.0.40219.1
Project("{FAE04EC0-301F-11D3-BF4B-00C04F79EFBC}") = "XamarinFormsMVP.Android", "XamarinFormsMVP\XamarinFormsMVP.Android\XamarinFormsMVP.Android.csproj", "{D839B01B-8B25-46BC-8C18-9843EA1DAD0B}"
EndProject
Project("{FAE04EC0-301F-11D3-BF4B-00C04F79EFBC}") = "XamarinFormsMVP.iOS", "XamarinFormsMVP\XamarinFormsMVP.iOS\XamarinFormsMVP.iOS.csproj", "{C37E23CE-C2D3-45F9-8BCF-4AC3B1B23B83}"
EndProject
Project("{FAE04EC0-301F-11D3-BF4B-00C04F79EFBC}") = "XamarinFormsMVP", "XamarinFormsMVP\XamarinFormsMVP\XamarinFormsMVP.csproj", "{8EE0E084-2BF1-42B1-9ADC-9605EB770A4B}"
EndProject
Global
	GlobalSection(SolutionConfigurationPlatforms) = preSolution
		Ad-Hoc|Any CPU = Ad-Hoc|Any CPU
		Ad-Hoc|iPhone = Ad-Hoc|iPhone
		Ad-Hoc|iPhoneSimulator = Ad-Hoc|iPhoneSimulator
		AppStore|Any CPU = AppStore|Any CPU
		AppStore|iPhone = AppStore|iPhone
		AppStore|iPhoneSimulator = AppStore|iPhoneSimulator
		Debug|Any CPU = Debug|Any CPU
		Debug|iPhone = Debug|iPhone
		Debug|iPhoneSimulator = Debug|iPhoneSimulator
		Release|Any CPU = Release|Any CPU
		Release|iPhone = Release|iPhone
		Release|iPhoneSimulator = Release|iPhoneSimulator
	EndGlobalSection
	GlobalSection(ProjectConfigurationPlatforms) = postSolution
		{D839B01B-8B25-46BC-8C18-9843EA1DAD0B}.Ad-Hoc|Any CPU.ActiveCfg = Release|Any CPU
		{D839B01B-8B25-46BC-8C18-9843EA1DAD0B}.Ad-Hoc|Any CPU.Build.0 = Release|Any CPU
		{D839B01B-8B25-46BC-8C18-9843EA1DAD0B}.Ad-Hoc|Any CPU.Deploy.0 = Release|Any CPU
		{D839B01B-8B25-46BC-8C18-9843EA1DAD0B}.Ad-Hoc|iPhone.ActiveCfg = Release|Any CPU
		{D839B01B-8B25-46BC-8C18-9843EA1DAD0B}.Ad-Hoc|iPhone.Build.0 = Release|Any CPU
		{D839B01B-8B25-46BC-8C18-9843EA1DAD0B}.Ad-Hoc|iPhone.Deploy.0 = Release|Any CPU
		{D839B01B-8B25-46BC-8C18-9843EA1DAD0B}.Ad-Hoc|iPhoneSimulator.ActiveCfg = Release|Any CPU
		{D839B01B-8B25-46BC-8C18-9843EA1DAD0B}.Ad-Hoc|iPhoneSimulator.Build.0 = Release|Any CPU
		{D839B01B-8B25-46BC-8C18-9843EA1DAD0B}.Ad-Hoc|iPhoneSimulator.Deploy.0 = Release|Any CPU
		{D839B01B-8B25-46BC-8C18-9843EA1DAD0B}.AppStore|Any CPU.ActiveCfg = Release|Any CPU
		{D839B01B-8B25-46BC-8C18-9843EA1DAD0B}.AppStore|Any CPU.Build.0 = Release|Any CPU
		{D839B01B-8B25-46BC-8C18-9843EA1DAD0B}.AppStore|Any CPU.Deploy.0 = Release|Any CPU
		{D839B01B-8B25-46BC-8C18-9843EA1DAD0B}.AppStore|iPhone.ActiveCfg = Release|Any CPU
		{D839B01B-8B25-46BC-8C18-9843EA1DAD0B}.AppStore|iPhone.Build.0 = Release|Any CPU
		{D839B01B-8B25-46BC-8C18-9843EA1DAD0B}.AppStore|iPhone.Deploy.0 = Release|Any CPU
		{D839B01B-8B25-46BC-8C18-9843EA1DAD0B}.AppStore|iPhoneSimulator.ActiveCfg = Release|Any CPU
		{D839B01B-8B25-46BC-8C18-9843EA1DAD0B}.AppStore|iPhoneSimulator.Build.0 = Release|Any CPU
		{D839B01B-8B25-46BC-8C18-9843EA1DAD0B}.AppStore|iPhoneSimulator.Deploy.0 = Release|Any CPU
		{D839B01B-8B25-46BC-8C18-9843EA1DAD0B}.Debug|Any CPU.ActiveCfg = Debug|Any CPU
		{D839B01B-8B25-46BC-8C18-9843EA1DAD0B}.Debug|Any CPU.Build.0 = Debug|Any CPU
		{D839B01B-8B25-46BC-8C18-9843EA1DAD0B}.Debug|Any CPU.Deploy.0 = Debug|Any CPU
		{D839B01B-8B25-46BC-8C18-9843EA1DAD0B}.Debug|iPhone.ActiveCfg = Debug|Any CPU
		{D839B01B-8B25-46BC-8C18-9843EA1DAD0B}.Debug|iPhone.Build.0 = Debug|Any CPU
		{D839B01B-8B25-46BC-8C18-9843EA1DAD0B}.Debug|iPhone.Deploy.0 = Debug|Any CPU
		{D839B01B-8B25-46BC-8C18-9843EA1DAD0B}.Debug|iPhoneSimulator.ActiveCfg = Debug|Any CPU
		{D839B01B-8B25-46BC-8C18-9843EA1DAD0B}.Debug|iPhoneSimulator.Build.0 = Debug|Any CPU
		{D839B01B-8B25-46BC-8C18-9843EA1DAD0B}.Debug|iPhoneSimulator.Deploy.0 = Debug|Any CPU
		{D839B01B-8B25-46BC-8C18-9843EA1DAD0B}.Release|Any CPU.ActiveCfg = Release|Any CPU
		{D839B01B-8B25-46BC-8C18-9843EA1DAD0B}.Release|Any CPU.Build.0 = Release|Any CPU
		{D839B01B-8B25-46BC-8C18-9843EA1DAD0B}.Release|Any CPU.Deploy.0 = Release|Any CPU
		{D839B01B-8B25-46BC-8C18-9843EA1DAD0B}.Release|iPhone.ActiveCfg = Release|Any CPU
		{D839B01B-8B25-46BC-8C18-9843EA1DAD0B}.Release|iPhone.Build.0 = Release|Any CPU
		{D839B01B-8B25-46BC-8C18-9843EA1DAD0B}.Release|iPhone.Deploy.0 = Release|Any CPU
		{D839B01B-8B25-46BC-8C18-9843EA1DAD0B}.Release|iPhoneSimulator.ActiveCfg = Release|Any CPU
		{D839B01B-8B25-46BC-8C18-9843EA1DAD0B}.Release|iPhoneSimulator.Build.0 = Release|Any CPU
		{D839B01B-8B25-46BC-8C18-9843EA1DAD0B}.Release|iPhoneSimulator.Deploy.0 = Release|Any CPU
		{C37E23CE-C2D3-45F9-8BCF-4AC3B1B23B83}.Ad-Hoc|Any CPU.ActiveCfg = Ad-Hoc|iPhone
		{C37E23CE-C2D3-45F9-8BCF-4AC3B1B23B83}.Ad-Hoc|Any CPU.Build.0 = Ad-Hoc|iPhone
		{C37E23CE-C2D3-45F9-8BCF-4AC3B1B23B83}.Ad-Hoc|Any CPU.Deploy.0 = Ad-Hoc|iPhone
		{C37E23CE-C2D3-45F9-8BCF-4AC3B1B23B83}.Ad-Hoc|iPhone.ActiveCfg = Ad-Hoc|iPhone
		{C37E23CE-C2D3-45F9-8BCF-4AC3B1B23B83}.Ad-Hoc|iPhone.Build.0 = Ad-Hoc|iPhone
		{C37E23CE-C2D3-45F9-8BCF-4AC3B1B23B83}.Ad-Hoc|iPhone.Deploy.0 = Ad-Hoc|iPhone
		{C37E23CE-C2D3-45F9-8BCF-4AC3B1B23B83}.Ad-Hoc|iPhoneSimulator.ActiveCfg = Ad-Hoc|iPhoneSimulator
		{C37E23CE-C2D3-45F9-8BCF-4AC3B1B23B83}.Ad-Hoc|iPhoneSimulator.Build.0 = Ad-Hoc|iPhoneSimulator
		{C37E23CE-C2D3-45F9-8BCF-4AC3B1B23B83}.Ad-Hoc|iPhoneSimulator.Deploy.0 = Ad-Hoc|iPhoneSimulator
		{C37E23CE-C2D3-45F9-8BCF-4AC3B1B23B83}.AppStore|Any CPU.ActiveCfg = AppStore|iPhone
		{C37E23CE-C2D3-45F9-8BCF-4AC3B1B23B83}.AppStore|Any CPU.Build.0 = AppStore|iPhone
		{C37E23CE-C2D3-45F9-8BCF-4AC3B1B23B83}.AppStore|Any CPU.Deploy.0 = AppStore|iPhone
		{C37E23CE-C2D3-45F9-8BCF-4AC3B1B23B83}.AppStore|iPhone.ActiveCfg = AppStore|iPhone
		{C37E23CE-C2D3-45F9-8BCF-4AC3B1B23B83}.AppStore|iPhone.Build.0 = AppStore|iPhone
		{C37E23CE-C2D3-45F9-8BCF-4AC3B1B23B83}.AppStore|iPhone.Deploy.0 = AppStore|iPhone
		{C37E23CE-C2D3-45F9-8BCF-4AC3B1B23B83}.AppStore|iPhoneSimulator.ActiveCfg = AppStore|iPhoneSimulator
		{C37E23CE-C2D3-45F9-8BCF-4AC3B1B23B83}.AppStore|iPhoneSimulator.Build.0 = AppStore|iPhoneSimulator
		{C37E23CE-C2D3-45F9-8BCF-4AC3B1B23B83}.AppStore|iPhoneSimulator.Deploy.0 = AppStore|iPhoneSimulator
		{C37E23CE-C2D3-45F9-8BCF-4AC3B1B23B83}.Debug|Any CPU.ActiveCfg = Debug|iPhoneSimulator
		{C37E23CE-C2D3-45F9-8BCF-4AC3B1B23B83}.Debug|Any CPU.Build.0 = Debug|iPhoneSimulator
		{C37E23CE-C2D3-45F9-8BCF-4AC3B1B23B83}.Debug|Any CPU.Deploy.0 = Debug|iPhoneSimulator
		{C37E23CE-C2D3-45F9-8BCF-4AC3B1B23B83}.Debug|iPhone.ActiveCfg = Debug|iPhone
		{C37E23CE-C2D3-45F9-8BCF-4AC3B1B23B83}.Debug|iPhone.Build.0 = Debug|iPhone
		{C37E23CE-C2D3-45F9-8BCF-4AC3B1B23B83}.Debug|iPhone.Deploy.0 = Debug|iPhone
		{C37E23CE-C2D3-45F9-8BCF-4AC3B1B23B83}.Debug|iPhoneSimulator.ActiveCfg = Debug|iPhoneSimulator
		{C37E23CE-C2D3-45F9-8BCF-4AC3B1B23B83}.Debug|iPhoneSimulator.Build.0 = Debug|iPhoneSimulator
		{C37E23CE-C2D3-45F9-8BCF-4AC3B1B23B83}.Debug|iPhoneSimulator.Deploy.0 = Debug|iPhoneSimulator
		{C37E23CE-C2D3-45F9-8BCF-4AC3B1B23B83}.Release|Any CPU.ActiveCfg = Release|iPhone
		{C37E23CE-C2D3-45F9-8BCF-4AC3B1B23B83}.Release|Any CPU.Build.0 = Release|iPhone
		{C37E23CE-C2D3-45F9-8BCF-4AC3B1B23B83}.Release|Any CPU.Deploy.0 = Release|iPhone
		{C37E23CE-C2D3-45F9-8BCF-4AC3B1B23B83}.Release|iPhone.ActiveCfg = Release|iPhone
		{C37E23CE-C2D3-45F9-8BCF-4AC3B1B23B83}.Release|iPhone.Build.0 = Release|iPhone
		{C37E23CE-C2D3-45F9-8BCF-4AC3B1B23B83}.Release|iPhone.Deploy.0 = Release|iPhone
		{C37E23CE-C2D3-45F9-8BCF-4AC3B1B23B83}.Release|iPhoneSimulator.ActiveCfg = Release|iPhoneSimulator
		{C37E23CE-C2D3-45F9-8BCF-4AC3B1B23B83}.Release|iPhoneSimulator.Build.0 = Release|iPhoneSimulator
		{C37E23CE-C2D3-45F9-8BCF-4AC3B1B23B83}.Release|iPhoneSimulator.Deploy.0 = Release|iPhoneSimulator
		{8EE0E084-2BF1-42B1-9ADC-9605EB770A4B}.Ad-Hoc|Any CPU.ActiveCfg = Debug|Any CPU
		{8EE0E084-2BF1-42B1-9ADC-9605EB770A4B}.Ad-Hoc|Any CPU.Build.0 = Debug|Any CPU
		{8EE0E084-2BF1-42B1-9ADC-9605EB770A4B}.Ad-Hoc|Any CPU.Deploy.0 = Debug|Any CPU
		{8EE0E084-2BF1-42B1-9ADC-9605EB770A4B}.Ad-Hoc|iPhone.ActiveCfg = Debug|Any CPU
		{8EE0E084-2BF1-42B1-9ADC-9605EB770A4B}.Ad-Hoc|iPhone.Build.0 = Debug|Any CPU
		{8EE0E084-2BF1-42B1-9ADC-9605EB770A4B}.Ad-Hoc|iPhone.Deploy.0 = Debug|Any CPU
		{8EE0E084-2BF1-42B1-9ADC-9605EB770A4B}.Ad-Hoc|iPhoneSimulator.ActiveCfg = Debug|Any CPU
		{8EE0E084-2BF1-42B1-9ADC-9605EB770A4B}.Ad-Hoc|iPhoneSimulator.Build.0 = Debug|Any CPU
		{8EE0E084-2BF1-42B1-9ADC-9605EB770A4B}.Ad-Hoc|iPhoneSimulator.Deploy.0 = Debug|Any CPU
		{8EE0E084-2BF1-42B1-9ADC-9605EB770A4B}.AppStore|Any CPU.ActiveCfg = Debug|Any CPU
		{8EE0E084-2BF1-42B1-9ADC-9605EB770A4B}.AppStore|Any CPU.Build.0 = Debug|Any CPU
		{8EE0E084-2BF1-42B1-9ADC-9605EB770A4B}.AppStore|Any CPU.Deploy.0 = Debug|Any CPU
		{8EE0E084-2BF1-42B1-9ADC-9605EB770A4B}.AppStore|iPhone.ActiveCfg = Debug|Any CPU
		{8EE0E084-2BF1-42B1-9ADC-9605EB770A4B}.AppStore|iPhone.Build.0 = Debug|Any CPU
		{8EE0E084-2BF1-42B1-9ADC-9605EB770A4B}.AppStore|iPhone.Deploy.0 = Debug|Any CPU
		{8EE0E084-2BF1-42B1-9ADC-9605EB770A4B}.AppStore|iPhoneSimulator.ActiveCfg = Debug|Any CPU
		{8EE0E084-2BF1-42B1-9ADC-9605EB770A4B}.AppStore|iPhoneSimulator.Build.0 = Debug|Any CPU
		{8EE0E084-2BF1-42B1-9ADC-9605EB770A4B}.AppStore|iPhoneSimulator.Deploy.0 = Debug|Any CPU
		{8EE0E084-2BF1-42B1-9ADC-9605EB770A4B}.Debug|Any CPU.ActiveCfg = Debug|Any CPU
		{8EE0E084-2BF1-42B1-9ADC-9605EB770A4B}.Debug|Any CPU.Build.0 = Debug|Any CPU
		{8EE0E084-2BF1-42B1-9ADC-9605EB770A4B}.Debug|Any CPU.Deploy.0 = Debug|Any CPU
		{8EE0E084-2BF1-42B1-9ADC-9605EB770A4B}.Debug|iPhone.ActiveCfg = Debug|Any CPU
		{8EE0E084-2BF1-42B1-9ADC-9605EB770A4B}.Debug|iPhone.Build.0 = Debug|Any CPU
		{8EE0E084-2BF1-42B1-9ADC-9605EB770A4B}.Debug|iPhone.Deploy.0 = Debug|Any CPU
		{8EE0E084-2BF1-42B1-9ADC-9605EB770A4B}.Debug|iPhoneSimulator.ActiveCfg = Debug|Any CPU
		{8EE0E084-2BF1-42B1-9ADC-9605EB770A4B}.Debug|iPhoneSimulator.Build.0 = Debug|Any CPU
		{8EE0E084-2BF1-42B1-9ADC-9605EB770A4B}.Debug|iPhoneSimulator.Deploy.0 = Debug|Any CPU
		{8EE0E084-2BF1-42B1-9ADC-9605EB770A4B}.Release|Any CPU.ActiveCfg = Release|Any CPU
		{8EE0E084-2BF1-42B1-9ADC-9605EB770A4B}.Release|Any CPU.Build.0 = Release|Any CPU
		{8EE0E084-2BF1-42B1-9ADC-9605EB770A4B}.Release|Any CPU.Deploy.0 = Release|Any CPU
		{8EE0E084-2BF1-42B1-9ADC-9605EB770A4B}.Release|iPhone.ActiveCfg = Release|Any CPU
		{8EE0E084-2BF1-42B1-9ADC-9605EB770A4B}.Release|iPhone.Build.0 = Release|Any CPU
		{8EE0E084-2BF1-42B1-9ADC-9605EB770A4B}.Release|iPhone.Deploy.0 = Release|Any CPU
		{8EE0E084-2BF1-42B1-9ADC-9605EB770A4B}.Release|iPhoneSimulator.ActiveCfg = Release|Any CPU
		{8EE0E084-2BF1-42B1-9ADC-9605EB770A4B}.Release|iPhoneSimulator.Build.0 = Release|Any CPU
		{8EE0E084-2BF1-42B1-9ADC-9605EB770A4B}.Release|iPhoneSimulator.Deploy.0 = Release|Any CPU
	EndGlobalSection
	GlobalSection(SolutionProperties) = preSolution
		HideSolutionNode = FALSE
	EndGlobalSection
	GlobalSection(ExtensibilityGlobals) = postSolution
		SolutionGuid = {37E4A929-BD57-456C-AEFE-33676B0197D8}
	EndGlobalSection
EndGlobal
